// !$*UTF8*$!
{
	archiveVersion = 1;
	classes = {
	};
	objectVersion = 56;
	objects = {

/* Begin PBXBuildFile section */
		2C1AE0CD2A5162090019D435 /* AppDelegate.swift in Sources */ = {isa = PBXBuildFile; fileRef = 2C1AE0CC2A5162090019D435 /* AppDelegate.swift */; };
		2C1AE0CF2A5162090019D435 /* SceneDelegate.swift in Sources */ = {isa = PBXBuildFile; fileRef = 2C1AE0CE2A5162090019D435 /* SceneDelegate.swift */; };
		2C1AE0D12A5162090019D435 /* ViewController.swift in Sources */ = {isa = PBXBuildFile; fileRef = 2C1AE0D02A5162090019D435 /* ViewController.swift */; };
		2C1AE0D42A5162090019D435 /* Main.storyboard in Resources */ = {isa = PBXBuildFile; fileRef = 2C1AE0D22A5162090019D435 /* Main.storyboard */; };
		2C1AE0D62A51620A0019D435 /* Assets.xcassets in Resources */ = {isa = PBXBuildFile; fileRef = 2C1AE0D52A51620A0019D435 /* Assets.xcassets */; };
		2C1AE0D92A51620A0019D435 /* LaunchScreen.storyboard in Resources */ = {isa = PBXBuildFile; fileRef = 2C1AE0D72A51620A0019D435 /* LaunchScreen.storyboard */; };
		2C2B38E52A7A466300520E96 /* AddScheduleViewController.swift in Sources */ = {isa = PBXBuildFile; fileRef = 2C2B38E42A7A466300520E96 /* AddScheduleViewController.swift */; };
		2C2B38E72A7A468A00520E96 /* AddScheduleView.swift in Sources */ = {isa = PBXBuildFile; fileRef = 2C2B38E62A7A468A00520E96 /* AddScheduleView.swift */; };
		2C2B38E92A7A469B00520E96 /* AddScheduleView.xib in Resources */ = {isa = PBXBuildFile; fileRef = 2C2B38E82A7A469B00520E96 /* AddScheduleView.xib */; };
		2C2B38EE2A7A472600520E96 /* RealmUtil.swift in Sources */ = {isa = PBXBuildFile; fileRef = 2C2B38ED2A7A472600520E96 /* RealmUtil.swift */; };
		2CA7ED782A6B9B1600301C06 /* ScheduleCollectionViewCell.swift in Sources */ = {isa = PBXBuildFile; fileRef = 2CA7ED762A6B9B1600301C06 /* ScheduleCollectionViewCell.swift */; };
		2CA7ED792A6B9B1600301C06 /* ScheduleCollectionViewCell.xib in Resources */ = {isa = PBXBuildFile; fileRef = 2CA7ED772A6B9B1600301C06 /* ScheduleCollectionViewCell.xib */; };
		2CC640572A6A8785005EDDC6 /* ScheduleViewController.swift in Sources */ = {isa = PBXBuildFile; fileRef = 2CC640562A6A8785005EDDC6 /* ScheduleViewController.swift */; };
		2CC640592A6A8824005EDDC6 /* ScheduleView.swift in Sources */ = {isa = PBXBuildFile; fileRef = 2CC640582A6A8824005EDDC6 /* ScheduleView.swift */; };
		2CC6405B2A6A8863005EDDC6 /* ScheduleView.xib in Resources */ = {isa = PBXBuildFile; fileRef = 2CC6405A2A6A8863005EDDC6 /* ScheduleView.xib */; };
		2CC6405D2A6A88EF005EDDC6 /* ScheduleModel.swift in Sources */ = {isa = PBXBuildFile; fileRef = 2CC6405C2A6A88EF005EDDC6 /* ScheduleModel.swift */; };
		2CC640602A6AB34B005EDDC6 /* Realm in Frameworks */ = {isa = PBXBuildFile; productRef = 2CC6405F2A6AB34B005EDDC6 /* Realm */; };
		2CC640622A6AB34B005EDDC6 /* RealmSwift in Frameworks */ = {isa = PBXBuildFile; productRef = 2CC640612A6AB34B005EDDC6 /* RealmSwift */; };
		2CEB22CE2A7D436B009ACDE8 /* sedgwick_co.ttf in Resources */ = {isa = PBXBuildFile; fileRef = 2CEB22CD2A7D436B009ACDE8 /* sedgwick_co.ttf */; };
		2CEB22D02A7D4BE2009ACDE8 /* DateFormatUtil.swift in Sources */ = {isa = PBXBuildFile; fileRef = 2CEB22CF2A7D4BE2009ACDE8 /* DateFormatUtil.swift */; };
		2CEB22D32A7D77C1009ACDE8 /* AlertHelper.swift in Sources */ = {isa = PBXBuildFile; fileRef = 2CEB22D22A7D77C1009ACDE8 /* AlertHelper.swift */; };
		2CEB22D52A81E51A009ACDE8 /* ActionSheetHelper.swift in Sources */ = {isa = PBXBuildFile; fileRef = 2CEB22D42A81E51A009ACDE8 /* ActionSheetHelper.swift */; };
/* End PBXBuildFile section */

/* Begin PBXFileReference section */
		2C1AE0C92A5162090019D435 /* FlexibleScheduler.app */ = {isa = PBXFileReference; explicitFileType = wrapper.application; includeInIndex = 0; path = FlexibleScheduler.app; sourceTree = BUILT_PRODUCTS_DIR; };
		2C1AE0CC2A5162090019D435 /* AppDelegate.swift */ = {isa = PBXFileReference; lastKnownFileType = sourcecode.swift; path = AppDelegate.swift; sourceTree = "<group>"; };
		2C1AE0CE2A5162090019D435 /* SceneDelegate.swift */ = {isa = PBXFileReference; lastKnownFileType = sourcecode.swift; path = SceneDelegate.swift; sourceTree = "<group>"; };
		2C1AE0D02A5162090019D435 /* ViewController.swift */ = {isa = PBXFileReference; lastKnownFileType = sourcecode.swift; path = ViewController.swift; sourceTree = "<group>"; };
		2C1AE0D32A5162090019D435 /* Base */ = {isa = PBXFileReference; lastKnownFileType = file.storyboard; name = Base; path = Base.lproj/Main.storyboard; sourceTree = "<group>"; };
		2C1AE0D52A51620A0019D435 /* Assets.xcassets */ = {isa = PBXFileReference; lastKnownFileType = folder.assetcatalog; path = Assets.xcassets; sourceTree = "<group>"; };
		2C1AE0D82A51620A0019D435 /* Base */ = {isa = PBXFileReference; lastKnownFileType = file.storyboard; name = Base; path = Base.lproj/LaunchScreen.storyboard; sourceTree = "<group>"; };
		2C1AE0DA2A51620A0019D435 /* Info.plist */ = {isa = PBXFileReference; lastKnownFileType = text.plist.xml; path = Info.plist; sourceTree = "<group>"; };
		2C2B38E42A7A466300520E96 /* AddScheduleViewController.swift */ = {isa = PBXFileReference; lastKnownFileType = sourcecode.swift; path = AddScheduleViewController.swift; sourceTree = "<group>"; };
		2C2B38E62A7A468A00520E96 /* AddScheduleView.swift */ = {isa = PBXFileReference; lastKnownFileType = sourcecode.swift; path = AddScheduleView.swift; sourceTree = "<group>"; };
		2C2B38E82A7A469B00520E96 /* AddScheduleView.xib */ = {isa = PBXFileReference; lastKnownFileType = file.xib; path = AddScheduleView.xib; sourceTree = "<group>"; };
		2C2B38ED2A7A472600520E96 /* RealmUtil.swift */ = {isa = PBXFileReference; lastKnownFileType = sourcecode.swift; path = RealmUtil.swift; sourceTree = "<group>"; };
		2CA7ED762A6B9B1600301C06 /* ScheduleCollectionViewCell.swift */ = {isa = PBXFileReference; lastKnownFileType = sourcecode.swift; path = ScheduleCollectionViewCell.swift; sourceTree = "<group>"; };
		2CA7ED772A6B9B1600301C06 /* ScheduleCollectionViewCell.xib */ = {isa = PBXFileReference; lastKnownFileType = file.xib; path = ScheduleCollectionViewCell.xib; sourceTree = "<group>"; };
		2CC640562A6A8785005EDDC6 /* ScheduleViewController.swift */ = {isa = PBXFileReference; lastKnownFileType = sourcecode.swift; path = ScheduleViewController.swift; sourceTree = "<group>"; };
		2CC640582A6A8824005EDDC6 /* ScheduleView.swift */ = {isa = PBXFileReference; lastKnownFileType = sourcecode.swift; path = ScheduleView.swift; sourceTree = "<group>"; };
		2CC6405A2A6A8863005EDDC6 /* ScheduleView.xib */ = {isa = PBXFileReference; lastKnownFileType = file.xib; path = ScheduleView.xib; sourceTree = "<group>"; };
		2CC6405C2A6A88EF005EDDC6 /* ScheduleModel.swift */ = {isa = PBXFileReference; lastKnownFileType = sourcecode.swift; path = ScheduleModel.swift; sourceTree = "<group>"; };
		2CEB22CD2A7D436B009ACDE8 /* sedgwick_co.ttf */ = {isa = PBXFileReference; lastKnownFileType = file; path = sedgwick_co.ttf; sourceTree = "<group>"; };
		2CEB22CF2A7D4BE2009ACDE8 /* DateFormatUtil.swift */ = {isa = PBXFileReference; lastKnownFileType = sourcecode.swift; path = DateFormatUtil.swift; sourceTree = "<group>"; };
		2CEB22D22A7D77C1009ACDE8 /* AlertHelper.swift */ = {isa = PBXFileReference; lastKnownFileType = sourcecode.swift; path = AlertHelper.swift; sourceTree = "<group>"; };
		2CEB22D42A81E51A009ACDE8 /* ActionSheetHelper.swift */ = {isa = PBXFileReference; lastKnownFileType = sourcecode.swift; path = ActionSheetHelper.swift; sourceTree = "<group>"; };
/* End PBXFileReference section */

/* Begin PBXFrameworksBuildPhase section */
		2C1AE0C62A5162090019D435 /* Frameworks */ = {
			isa = PBXFrameworksBuildPhase;
			buildActionMask = 2147483647;
			files = (
				2CC640622A6AB34B005EDDC6 /* RealmSwift in Frameworks */,
				2CC640602A6AB34B005EDDC6 /* Realm in Frameworks */,
			);
			runOnlyForDeploymentPostprocessing = 0;
		};
/* End PBXFrameworksBuildPhase section */

/* Begin PBXGroup section */
		2C1AE0C02A5162090019D435 = {
			isa = PBXGroup;
			children = (
				2C1AE0CB2A5162090019D435 /* FlexibleScheduler */,
				2C1AE0CA2A5162090019D435 /* Products */,
			);
			sourceTree = "<group>";
		};
		2C1AE0CA2A5162090019D435 /* Products */ = {
			isa = PBXGroup;
			children = (
				2C1AE0C92A5162090019D435 /* FlexibleScheduler.app */,
			);
			name = Products;
			sourceTree = "<group>";
		};
		2C1AE0CB2A5162090019D435 /* FlexibleScheduler */ = {
			isa = PBXGroup;
			children = (
				2CEB22D12A7D621B009ACDE8 /* Helper */,
				2CEB22CC2A7D4345009ACDE8 /* Fonts */,
				2C2B38EC2A7A471200520E96 /* Utils */,
				2CC640662A6AB3AD005EDDC6 /* Controller */,
				2CC640652A6AB3A5005EDDC6 /* View */,
				2CC640642A6AB394005EDDC6 /* Model */,
				2C1AE0CC2A5162090019D435 /* AppDelegate.swift */,
				2C1AE0CE2A5162090019D435 /* SceneDelegate.swift */,
				2C1AE0D02A5162090019D435 /* ViewController.swift */,
				2C1AE0D22A5162090019D435 /* Main.storyboard */,
				2C1AE0D52A51620A0019D435 /* Assets.xcassets */,
				2C1AE0D72A51620A0019D435 /* LaunchScreen.storyboard */,
				2C1AE0DA2A51620A0019D435 /* Info.plist */,
			);
			path = FlexibleScheduler;
			sourceTree = "<group>";
		};
		2C2B38EC2A7A471200520E96 /* Utils */ = {
			isa = PBXGroup;
			children = (
				2C2B38ED2A7A472600520E96 /* RealmUtil.swift */,
				2CEB22CF2A7D4BE2009ACDE8 /* DateFormatUtil.swift */,
			);
			path = Utils;
			sourceTree = "<group>";
		};
		2C2B38EF2A7A494A00520E96 /* Schedule */ = {
			isa = PBXGroup;
			children = (
				2CC640582A6A8824005EDDC6 /* ScheduleView.swift */,
				2CC6405A2A6A8863005EDDC6 /* ScheduleView.xib */,
				2CA7ED762A6B9B1600301C06 /* ScheduleCollectionViewCell.swift */,
				2CA7ED772A6B9B1600301C06 /* ScheduleCollectionViewCell.xib */,
			);
			path = Schedule;
			sourceTree = "<group>";
		};
		2C2B38F02A7A495900520E96 /* AddSchedule */ = {
			isa = PBXGroup;
			children = (
				2C2B38E62A7A468A00520E96 /* AddScheduleView.swift */,
				2C2B38E82A7A469B00520E96 /* AddScheduleView.xib */,
			);
			path = AddSchedule;
			sourceTree = "<group>";
		};
		2CC640642A6AB394005EDDC6 /* Model */ = {
			isa = PBXGroup;
			children = (
				2CC6405C2A6A88EF005EDDC6 /* ScheduleModel.swift */,
			);
			path = Model;
			sourceTree = "<group>";
		};
		2CC640652A6AB3A5005EDDC6 /* View */ = {
			isa = PBXGroup;
			children = (
				2C2B38F02A7A495900520E96 /* AddSchedule */,
				2C2B38EF2A7A494A00520E96 /* Schedule */,
			);
			path = View;
			sourceTree = "<group>";
		};
		2CC640662A6AB3AD005EDDC6 /* Controller */ = {
			isa = PBXGroup;
			children = (
				2CC640562A6A8785005EDDC6 /* ScheduleViewController.swift */,
				2C2B38E42A7A466300520E96 /* AddScheduleViewController.swift */,
			);
			path = Controller;
			sourceTree = "<group>";
		};
		2CEB22CC2A7D4345009ACDE8 /* Fonts */ = {
			isa = PBXGroup;
			children = (
				2CEB22CD2A7D436B009ACDE8 /* sedgwick_co.ttf */,
			);
			path = Fonts;
			sourceTree = "<group>";
		};
		2CEB22D12A7D621B009ACDE8 /* Helper */ = {
			isa = PBXGroup;
			children = (
				2CEB22D22A7D77C1009ACDE8 /* AlertHelper.swift */,
				2CEB22D42A81E51A009ACDE8 /* ActionSheetHelper.swift */,
			);
			path = Helper;
			sourceTree = "<group>";
		};
/* End PBXGroup section */

/* Begin PBXNativeTarget section */
		2C1AE0C82A5162090019D435 /* FlexibleScheduler */ = {
			isa = PBXNativeTarget;
			buildConfigurationList = 2C1AE0DD2A51620A0019D435 /* Build configuration list for PBXNativeTarget "FlexibleScheduler" */;
			buildPhases = (
				2C1AE0C52A5162090019D435 /* Sources */,
				2C1AE0C62A5162090019D435 /* Frameworks */,
				2C1AE0C72A5162090019D435 /* Resources */,
			);
			buildRules = (
			);
			dependencies = (
			);
			name = FlexibleScheduler;
			packageProductDependencies = (
				2CC6405F2A6AB34B005EDDC6 /* Realm */,
				2CC640612A6AB34B005EDDC6 /* RealmSwift */,
			);
			productName = FlexibleScheduler;
			productReference = 2C1AE0C92A5162090019D435 /* FlexibleScheduler.app */;
			productType = "com.apple.product-type.application";
		};
/* End PBXNativeTarget section */

/* Begin PBXProject section */
		2C1AE0C12A5162090019D435 /* Project object */ = {
			isa = PBXProject;
			attributes = {
				BuildIndependentTargetsInParallel = 1;
				LastSwiftUpdateCheck = 1430;
				LastUpgradeCheck = 1430;
				TargetAttributes = {
					2C1AE0C82A5162090019D435 = {
						CreatedOnToolsVersion = 14.3;
					};
				};
			};
			buildConfigurationList = 2C1AE0C42A5162090019D435 /* Build configuration list for PBXProject "FlexibleScheduler" */;
			compatibilityVersion = "Xcode 14.0";
			developmentRegion = en;
			hasScannedForEncodings = 0;
			knownRegions = (
				en,
				Base,
			);
			mainGroup = 2C1AE0C02A5162090019D435;
			packageReferences = (
				2CC6405E2A6AB34B005EDDC6 /* XCRemoteSwiftPackageReference "realm-swift" */,
			);
			productRefGroup = 2C1AE0CA2A5162090019D435 /* Products */;
			projectDirPath = "";
			projectRoot = "";
			targets = (
				2C1AE0C82A5162090019D435 /* FlexibleScheduler */,
			);
		};
/* End PBXProject section */

/* Begin PBXResourcesBuildPhase section */
		2C1AE0C72A5162090019D435 /* Resources */ = {
			isa = PBXResourcesBuildPhase;
			buildActionMask = 2147483647;
			files = (
				2CEB22CE2A7D436B009ACDE8 /* sedgwick_co.ttf in Resources */,
				2CA7ED792A6B9B1600301C06 /* ScheduleCollectionViewCell.xib in Resources */,
				2C1AE0D92A51620A0019D435 /* LaunchScreen.storyboard in Resources */,
				2CC6405B2A6A8863005EDDC6 /* ScheduleView.xib in Resources */,
				2C1AE0D62A51620A0019D435 /* Assets.xcassets in Resources */,
				2C1AE0D42A5162090019D435 /* Main.storyboard in Resources */,
				2C2B38E92A7A469B00520E96 /* AddScheduleView.xib in Resources */,
			);
			runOnlyForDeploymentPostprocessing = 0;
		};
/* End PBXResourcesBuildPhase section */

/* Begin PBXSourcesBuildPhase section */
		2C1AE0C52A5162090019D435 /* Sources */ = {
			isa = PBXSourcesBuildPhase;
			buildActionMask = 2147483647;
			files = (
				2CEB22D32A7D77C1009ACDE8 /* AlertHelper.swift in Sources */,
				2CA7ED782A6B9B1600301C06 /* ScheduleCollectionViewCell.swift in Sources */,
				2CEB22D02A7D4BE2009ACDE8 /* DateFormatUtil.swift in Sources */,
				2CC6405D2A6A88EF005EDDC6 /* ScheduleModel.swift in Sources */,
				2CC640592A6A8824005EDDC6 /* ScheduleView.swift in Sources */,
				2C2B38EE2A7A472600520E96 /* RealmUtil.swift in Sources */,
				2C1AE0D12A5162090019D435 /* ViewController.swift in Sources */,
				2C1AE0CD2A5162090019D435 /* AppDelegate.swift in Sources */,
				2CEB22D52A81E51A009ACDE8 /* ActionSheetHelper.swift in Sources */,
				2C1AE0CF2A5162090019D435 /* SceneDelegate.swift in Sources */,
				2CC640572A6A8785005EDDC6 /* ScheduleViewController.swift in Sources */,
				2C2B38E52A7A466300520E96 /* AddScheduleViewController.swift in Sources */,
				2C2B38E72A7A468A00520E96 /* AddScheduleView.swift in Sources */,
			);
			runOnlyForDeploymentPostprocessing = 0;
		};
/* End PBXSourcesBuildPhase section */

/* Begin PBXVariantGroup section */
		2C1AE0D22A5162090019D435 /* Main.storyboard */ = {
			isa = PBXVariantGroup;
			children = (
				2C1AE0D32A5162090019D435 /* Base */,
			);
			name = Main.storyboard;
			sourceTree = "<group>";
		};
		2C1AE0D72A51620A0019D435 /* LaunchScreen.storyboard */ = {
			isa = PBXVariantGroup;
			children = (
				2C1AE0D82A51620A0019D435 /* Base */,
			);
			name = LaunchScreen.storyboard;
			sourceTree = "<group>";
		};
/* End PBXVariantGroup section */

/* Begin XCBuildConfiguration section */
		2C1AE0DB2A51620A0019D435 /* Debug */ = {
			isa = XCBuildConfiguration;
			buildSettings = {
				ALWAYS_SEARCH_USER_PATHS = NO;
				CLANG_ANALYZER_NONNULL = YES;
				CLANG_ANALYZER_NUMBER_OBJECT_CONVERSION = YES_AGGRESSIVE;
				CLANG_CXX_LANGUAGE_STANDARD = "gnu++20";
				CLANG_ENABLE_MODULES = YES;
				CLANG_ENABLE_OBJC_ARC = YES;
				CLANG_ENABLE_OBJC_WEAK = YES;
				CLANG_WARN_BLOCK_CAPTURE_AUTORELEASING = YES;
				CLANG_WARN_BOOL_CONVERSION = YES;
				CLANG_WARN_COMMA = YES;
				CLANG_WARN_CONSTANT_CONVERSION = YES;
				CLANG_WARN_DEPRECATED_OBJC_IMPLEMENTATIONS = YES;
				CLANG_WARN_DIRECT_OBJC_ISA_USAGE = YES_ERROR;
				CLANG_WARN_DOCUMENTATION_COMMENTS = YES;
				CLANG_WARN_EMPTY_BODY = YES;
				CLANG_WARN_ENUM_CONVERSION = YES;
				CLANG_WARN_INFINITE_RECURSION = YES;
				CLANG_WARN_INT_CONVERSION = YES;
				CLANG_WARN_NON_LITERAL_NULL_CONVERSION = YES;
				CLANG_WARN_OBJC_IMPLICIT_RETAIN_SELF = YES;
				CLANG_WARN_OBJC_LITERAL_CONVERSION = YES;
				CLANG_WARN_OBJC_ROOT_CLASS = YES_ERROR;
				CLANG_WARN_QUOTED_INCLUDE_IN_FRAMEWORK_HEADER = YES;
				CLANG_WARN_RANGE_LOOP_ANALYSIS = YES;
				CLANG_WARN_STRICT_PROTOTYPES = YES;
				CLANG_WARN_SUSPICIOUS_MOVE = YES;
				CLANG_WARN_UNGUARDED_AVAILABILITY = YES_AGGRESSIVE;
				CLANG_WARN_UNREACHABLE_CODE = YES;
				CLANG_WARN__DUPLICATE_METHOD_MATCH = YES;
				COPY_PHASE_STRIP = NO;
				DEBUG_INFORMATION_FORMAT = dwarf;
				ENABLE_STRICT_OBJC_MSGSEND = YES;
				ENABLE_TESTABILITY = YES;
				GCC_C_LANGUAGE_STANDARD = gnu11;
				GCC_DYNAMIC_NO_PIC = NO;
				GCC_NO_COMMON_BLOCKS = YES;
				GCC_OPTIMIZATION_LEVEL = 0;
				GCC_PREPROCESSOR_DEFINITIONS = (
					"DEBUG=1",
					"$(inherited)",
				);
				GCC_WARN_64_TO_32_BIT_CONVERSION = YES;
				GCC_WARN_ABOUT_RETURN_TYPE = YES_ERROR;
				GCC_WARN_UNDECLARED_SELECTOR = YES;
				GCC_WARN_UNINITIALIZED_AUTOS = YES_AGGRESSIVE;
				GCC_WARN_UNUSED_FUNCTION = YES;
				GCC_WARN_UNUSED_VARIABLE = YES;
				IPHONEOS_DEPLOYMENT_TARGET = 16.4;
				MTL_ENABLE_DEBUG_INFO = INCLUDE_SOURCE;
				MTL_FAST_MATH = YES;
				ONLY_ACTIVE_ARCH = YES;
				SDKROOT = iphoneos;
				SWIFT_ACTIVE_COMPILATION_CONDITIONS = DEBUG;
				SWIFT_OPTIMIZATION_LEVEL = "-Onone";
			};
			name = Debug;
		};
		2C1AE0DC2A51620A0019D435 /* Release */ = {
			isa = XCBuildConfiguration;
			buildSettings = {
				ALWAYS_SEARCH_USER_PATHS = NO;
				CLANG_ANALYZER_NONNULL = YES;
				CLANG_ANALYZER_NUMBER_OBJECT_CONVERSION = YES_AGGRESSIVE;
				CLANG_CXX_LANGUAGE_STANDARD = "gnu++20";
				CLANG_ENABLE_MODULES = YES;
				CLANG_ENABLE_OBJC_ARC = YES;
				CLANG_ENABLE_OBJC_WEAK = YES;
				CLANG_WARN_BLOCK_CAPTURE_AUTORELEASING = YES;
				CLANG_WARN_BOOL_CONVERSION = YES;
				CLANG_WARN_COMMA = YES;
				CLANG_WARN_CONSTANT_CONVERSION = YES;
				CLANG_WARN_DEPRECATED_OBJC_IMPLEMENTATIONS = YES;
				CLANG_WARN_DIRECT_OBJC_ISA_USAGE = YES_ERROR;
				CLANG_WARN_DOCUMENTATION_COMMENTS = YES;
				CLANG_WARN_EMPTY_BODY = YES;
				CLANG_WARN_ENUM_CONVERSION = YES;
				CLANG_WARN_INFINITE_RECURSION = YES;
				CLANG_WARN_INT_CONVERSION = YES;
				CLANG_WARN_NON_LITERAL_NULL_CONVERSION = YES;
				CLANG_WARN_OBJC_IMPLICIT_RETAIN_SELF = YES;
				CLANG_WARN_OBJC_LITERAL_CONVERSION = YES;
				CLANG_WARN_OBJC_ROOT_CLASS = YES_ERROR;
				CLANG_WARN_QUOTED_INCLUDE_IN_FRAMEWORK_HEADER = YES;
				CLANG_WARN_RANGE_LOOP_ANALYSIS = YES;
				CLANG_WARN_STRICT_PROTOTYPES = YES;
				CLANG_WARN_SUSPICIOUS_MOVE = YES;
				CLANG_WARN_UNGUARDED_AVAILABILITY = YES_AGGRESSIVE;
				CLANG_WARN_UNREACHABLE_CODE = YES;
				CLANG_WARN__DUPLICATE_METHOD_MATCH = YES;
				COPY_PHASE_STRIP = NO;
				DEBUG_INFORMATION_FORMAT = "dwarf-with-dsym";
				ENABLE_NS_ASSERTIONS = NO;
				ENABLE_STRICT_OBJC_MSGSEND = YES;
				GCC_C_LANGUAGE_STANDARD = gnu11;
				GCC_NO_COMMON_BLOCKS = YES;
				GCC_WARN_64_TO_32_BIT_CONVERSION = YES;
				GCC_WARN_ABOUT_RETURN_TYPE = YES_ERROR;
				GCC_WARN_UNDECLARED_SELECTOR = YES;
				GCC_WARN_UNINITIALIZED_AUTOS = YES_AGGRESSIVE;
				GCC_WARN_UNUSED_FUNCTION = YES;
				GCC_WARN_UNUSED_VARIABLE = YES;
				IPHONEOS_DEPLOYMENT_TARGET = 16.4;
				MTL_ENABLE_DEBUG_INFO = NO;
				MTL_FAST_MATH = YES;
				SDKROOT = iphoneos;
				SWIFT_COMPILATION_MODE = wholemodule;
				SWIFT_OPTIMIZATION_LEVEL = "-O";
				VALIDATE_PRODUCT = YES;
			};
			name = Release;
		};
		2C1AE0DE2A51620A0019D435 /* Debug */ = {
			isa = XCBuildConfiguration;
			buildSettings = {
				ASSETCATALOG_COMPILER_APPICON_NAME = AppIcon;
				ASSETCATALOG_COMPILER_GLOBAL_ACCENT_COLOR_NAME = AccentColor;
				CODE_SIGN_STYLE = Automatic;
				CURRENT_PROJECT_VERSION = 1;
				GENERATE_INFOPLIST_FILE = YES;
				INFOPLIST_FILE = FlexibleScheduler/Info.plist;
				INFOPLIST_KEY_UIApplicationSupportsIndirectInputEvents = YES;
				INFOPLIST_KEY_UILaunchStoryboardName = LaunchScreen;
				INFOPLIST_KEY_UIMainStoryboardFile = Main;
				INFOPLIST_KEY_UISupportedInterfaceOrientations_iPad = "UIInterfaceOrientationPortrait UIInterfaceOrientationPortraitUpsideDown UIInterfaceOrientationLandscapeLeft UIInterfaceOrientationLandscapeRight";
				INFOPLIST_KEY_UISupportedInterfaceOrientations_iPhone = "UIInterfaceOrientationPortrait UIInterfaceOrientationLandscapeLeft UIInterfaceOrientationLandscapeRight";
				LD_RUNPATH_SEARCH_PATHS = (
					"$(inherited)",
					"@executable_path/Frameworks",
				);
				MARKETING_VERSION = 1.0;
				PRODUCT_BUNDLE_IDENTIFIER = app.akki.ito.FlexibleScheduler;
				PRODUCT_NAME = "$(TARGET_NAME)";
				SWIFT_EMIT_LOC_STRINGS = YES;
				SWIFT_VERSION = 5.0;
				TARGETED_DEVICE_FAMILY = "1,2";
			};
			name = Debug;
		};
		2C1AE0DF2A51620A0019D435 /* Release */ = {
			isa = XCBuildConfiguration;
			buildSettings = {
				ASSETCATALOG_COMPILER_APPICON_NAME = AppIcon;
				ASSETCATALOG_COMPILER_GLOBAL_ACCENT_COLOR_NAME = AccentColor;
				CODE_SIGN_STYLE = Automatic;
				CURRENT_PROJECT_VERSION = 1;
				GENERATE_INFOPLIST_FILE = YES;
				INFOPLIST_FILE = FlexibleScheduler/Info.plist;
				INFOPLIST_KEY_UIApplicationSupportsIndirectInputEvents = YES;
				INFOPLIST_KEY_UILaunchStoryboardName = LaunchScreen;
				INFOPLIST_KEY_UIMainStoryboardFile = Main;
				INFOPLIST_KEY_UISupportedInterfaceOrientations_iPad = "UIInterfaceOrientationPortrait UIInterfaceOrientationPortraitUpsideDown UIInterfaceOrientationLandscapeLeft UIInterfaceOrientationLandscapeRight";
				INFOPLIST_KEY_UISupportedInterfaceOrientations_iPhone = "UIInterfaceOrientationPortrait UIInterfaceOrientationLandscapeLeft UIInterfaceOrientationLandscapeRight";
				LD_RUNPATH_SEARCH_PATHS = (
					"$(inherited)",
					"@executable_path/Frameworks",
				);
				MARKETING_VERSION = 1.0;
				PRODUCT_BUNDLE_IDENTIFIER = app.akki.ito.FlexibleScheduler;
				PRODUCT_NAME = "$(TARGET_NAME)";
				SWIFT_EMIT_LOC_STRINGS = YES;
				SWIFT_VERSION = 5.0;
				TARGETED_DEVICE_FAMILY = "1,2";
			};
			name = Release;
		};
/* End XCBuildConfiguration section */

/* Begin XCConfigurationList section */
		2C1AE0C42A5162090019D435 /* Build configuration list for PBXProject "FlexibleScheduler" */ = {
			isa = XCConfigurationList;
			buildConfigurations = (
				2C1AE0DB2A51620A0019D435 /* Debug */,
				2C1AE0DC2A51620A0019D435 /* Release */,
			);
			defaultConfigurationIsVisible = 0;
			defaultConfigurationName = Release;
		};
		2C1AE0DD2A51620A0019D435 /* Build configuration list for PBXNativeTarget "FlexibleScheduler" */ = {
			isa = XCConfigurationList;
			buildConfigurations = (
				2C1AE0DE2A51620A0019D435 /* Debug */,
				2C1AE0DF2A51620A0019D435 /* Release */,
			);
			defaultConfigurationIsVisible = 0;
			defaultConfigurationName = Release;
		};
/* End XCConfigurationList section */

/* Begin XCRemoteSwiftPackageReference section */
		2CC6405E2A6AB34B005EDDC6 /* XCRemoteSwiftPackageReference "realm-swift" */ = {
			isa = XCRemoteSwiftPackageReference;
			repositoryURL = "https://github.com/realm/realm-swift.git";
			requirement = {
				branch = master;
				kind = branch;
			};
		};
/* End XCRemoteSwiftPackageReference section */

/* Begin XCSwiftPackageProductDependency section */
		2CC6405F2A6AB34B005EDDC6 /* Realm */ = {
			isa = XCSwiftPackageProductDependency;
			package = 2CC6405E2A6AB34B005EDDC6 /* XCRemoteSwiftPackageReference "realm-swift" */;
			productName = Realm;
		};
		2CC640612A6AB34B005EDDC6 /* RealmSwift */ = {
			isa = XCSwiftPackageProductDependency;
			package = 2CC6405E2A6AB34B005EDDC6 /* XCRemoteSwiftPackageReference "realm-swift" */;
			productName = RealmSwift;
		};
/* End XCSwiftPackageProductDependency section */
	};
	rootObject = 2C1AE0C12A5162090019D435 /* Project object */;
}
